
Microsoft Visual Studio Solution File, Format Version 12.00
# Visual Studio 15
VisualStudioVersion = 15.0.28010.2050
MinimumVisualStudioVersion = 10.0.40219.1
Project("{9A19103F-16F7-4668-BE54-9A1E7A4F7556}") = "MyMediatorRest", "MyMediatorRest\MyMediatorRest.csproj", "{85F7037A-EAE8-4A1D-95BD-919DE8F1E28A}"
EndProject
Project("{2150E333-8FDC-42A3-9474-1A3956D46DE8}") = "Domain", "Domain", "{0F1EDD71-4BA5-45A9-813E-90F10B017D0E}"
EndProject
Project("{FAE04EC0-301F-11D3-BF4B-00C04F79EFBC}") = "DAL", "ClassLibrary1\DAL.csproj", "{B3E5F2BB-C009-4BC6-8FE8-96229B6E45D1}"
EndProject
Project("{9A19103F-16F7-4668-BE54-9A1E7A4F7556}") = "Application", "Application\Application.csproj", "{27B589D1-0CCA-4D9F-8CC7-0F59F9AF699B}"
EndProject
Project("{FAE04EC0-301F-11D3-BF4B-00C04F79EFBC}") = "Dom", "Dom\Dom.csproj", "{D87AFE7F-A648-41F0-BF96-1DBF9404D4E9}"
EndProject
Global
	GlobalSection(SolutionConfigurationPlatforms) = preSolution
		Debug|Any CPU = Debug|Any CPU
		Release|Any CPU = Release|Any CPU
	EndGlobalSection
	GlobalSection(ProjectConfigurationPlatforms) = postSolution
		{85F7037A-EAE8-4A1D-95BD-919DE8F1E28A}.Debug|Any CPU.ActiveCfg = Debug|Any CPU
		{85F7037A-EAE8-4A1D-95BD-919DE8F1E28A}.Debug|Any CPU.Build.0 = Debug|Any CPU
		{85F7037A-EAE8-4A1D-95BD-919DE8F1E28A}.Release|Any CPU.ActiveCfg = Release|Any CPU
		{85F7037A-EAE8-4A1D-95BD-919DE8F1E28A}.Release|Any CPU.Build.0 = Release|Any CPU
		{B3E5F2BB-C009-4BC6-8FE8-96229B6E45D1}.Debug|Any CPU.ActiveCfg = Debug|Any CPU
		{B3E5F2BB-C009-4BC6-8FE8-96229B6E45D1}.Debug|Any CPU.Build.0 = Debug|Any CPU
		{B3E5F2BB-C009-4BC6-8FE8-96229B6E45D1}.Release|Any CPU.ActiveCfg = Release|Any CPU
		{B3E5F2BB-C009-4BC6-8FE8-96229B6E45D1}.Release|Any CPU.Build.0 = Release|Any CPU
		{27B589D1-0CCA-4D9F-8CC7-0F59F9AF699B}.Debug|Any CPU.ActiveCfg = Debug|Any CPU
		{27B589D1-0CCA-4D9F-8CC7-0F59F9AF699B}.Debug|Any CPU.Build.0 = Debug|Any CPU
		{27B589D1-0CCA-4D9F-8CC7-0F59F9AF699B}.Release|Any CPU.ActiveCfg = Release|Any CPU
		{27B589D1-0CCA-4D9F-8CC7-0F59F9AF699B}.Release|Any CPU.Build.0 = Release|Any CPU
		{D87AFE7F-A648-41F0-BF96-1DBF9404D4E9}.Debug|Any CPU.ActiveCfg = Debug|Any CPU
		{D87AFE7F-A648-41F0-BF96-1DBF9404D4E9}.Debug|Any CPU.Build.0 = Debug|Any CPU
		{D87AFE7F-A648-41F0-BF96-1DBF9404D4E9}.Release|Any CPU.ActiveCfg = Release|Any CPU
		{D87AFE7F-A648-41F0-BF96-1DBF9404D4E9}.Release|Any CPU.Build.0 = Release|Any CPU
	EndGlobalSection
	GlobalSection(SolutionProperties) = preSolution
		HideSolutionNode = FALSE
	EndGlobalSection
	GlobalSection(NestedProjects) = preSolution
		{B3E5F2BB-C009-4BC6-8FE8-96229B6E45D1} = {0F1EDD71-4BA5-45A9-813E-90F10B017D0E}
		{27B589D1-0CCA-4D9F-8CC7-0F59F9AF699B} = {0F1EDD71-4BA5-45A9-813E-90F10B017D0E}
		{D87AFE7F-A648-41F0-BF96-1DBF9404D4E9} = {0F1EDD71-4BA5-45A9-813E-90F10B017D0E}
	EndGlobalSection
	GlobalSection(ExtensibilityGlobals) = postSolution
		SolutionGuid = {2DCE62CB-3247-4CFB-9B87-4EB5E2032F1B}
	EndGlobalSection
EndGlobal
